
Microsoft Visual Studio Solution File, Format Version 12.00
# Visual Studio Version 16
VisualStudioVersion = 16.0.30413.136
MinimumVisualStudioVersion = 10.0.40219.1
Project("{9A19103F-16F7-4668-BE54-9A1E7A4F7556}") = "bujarademi.db", "bujarademi.db\bujarademi.db.csproj", "{3D9B2F71-A548-4B5F-A91A-A23BB5EBA44D}"
EndProject
Project("{9A19103F-16F7-4668-BE54-9A1E7A4F7556}") = "bujarademi.infrastructure", "bujarademi.infrastructure\bujarademi.infrastructure.csproj", "{1FFE4E62-BB58-4799-8E1F-2B75DF6CE0A5}"
EndProject
Project("{9A19103F-16F7-4668-BE54-9A1E7A4F7556}") = "bujarademi.web", "bujarademi.web\bujarademi.web.csproj", "{144AD881-8EAC-4297-ABE5-2B07E4E23742}"
EndProject
Global
	GlobalSection(SolutionConfigurationPlatforms) = preSolution
		Debug|Any CPU = Debug|Any CPU
		Release|Any CPU = Release|Any CPU
	EndGlobalSection
	GlobalSection(ProjectConfigurationPlatforms) = postSolution
		{3D9B2F71-A548-4B5F-A91A-A23BB5EBA44D}.Debug|Any CPU.ActiveCfg = Debug|Any CPU
		{3D9B2F71-A548-4B5F-A91A-A23BB5EBA44D}.Debug|Any CPU.Build.0 = Debug|Any CPU
		{3D9B2F71-A548-4B5F-A91A-A23BB5EBA44D}.Release|Any CPU.ActiveCfg = Release|Any CPU
		{3D9B2F71-A548-4B5F-A91A-A23BB5EBA44D}.Release|Any CPU.Build.0 = Release|Any CPU
		{1FFE4E62-BB58-4799-8E1F-2B75DF6CE0A5}.Debug|Any CPU.ActiveCfg = Debug|Any CPU
		{1FFE4E62-BB58-4799-8E1F-2B75DF6CE0A5}.Debug|Any CPU.Build.0 = Debug|Any CPU
		{1FFE4E62-BB58-4799-8E1F-2B75DF6CE0A5}.Release|Any CPU.ActiveCfg = Release|Any CPU
		{1FFE4E62-BB58-4799-8E1F-2B75DF6CE0A5}.Release|Any CPU.Build.0 = Release|Any CPU
		{144AD881-8EAC-4297-ABE5-2B07E4E23742}.Debug|Any CPU.ActiveCfg = Debug|Any CPU
		{144AD881-8EAC-4297-ABE5-2B07E4E23742}.Debug|Any CPU.Build.0 = Debug|Any CPU
		{144AD881-8EAC-4297-ABE5-2B07E4E23742}.Release|Any CPU.ActiveCfg = Release|Any CPU
		{144AD881-8EAC-4297-ABE5-2B07E4E23742}.Release|Any CPU.Build.0 = Release|Any CPU
	EndGlobalSection
	GlobalSection(SolutionProperties) = preSolution
		HideSolutionNode = FALSE
	EndGlobalSection
	GlobalSection(ExtensibilityGlobals) = postSolution
		SolutionGuid = {E3D80150-1185-4BCB-9A59-68803C680809}
	EndGlobalSection
EndGlobal
